
Microsoft Visual Studio Solution File, Format Version 12.00
# Visual Studio Version 16
VisualStudioVersion = 16.0.30128.74
MinimumVisualStudioVersion = 10.0.40219.1
Project("{9A19103F-16F7-4668-BE54-9A1E7A4F7556}") = "Web", "Web\Web.csproj", "{998E84C4-F864-4F80-B4D0-55A1A1EA98D9}"
EndProject
Project("{9A19103F-16F7-4668-BE54-9A1E7A4F7556}") = "CQRS", "CQRS\CQRS.csproj", "{D61DB122-429D-431F-B329-953F42570B67}"
EndProject
Project("{9A19103F-16F7-4668-BE54-9A1E7A4F7556}") = "Database", "Database\Database.csproj", "{149939F8-DB17-4634-9358-5DCE7B49D886}"
EndProject
Project("{2150E333-8FDC-42A3-9474-1A3956D46DE8}") = "Tests", "Tests", "{4B74F388-1148-489A-A508-63F517AC593B}"
EndProject
Project("{9A19103F-16F7-4668-BE54-9A1E7A4F7556}") = "Unit", "Unit\Unit.csproj", "{1DF60840-761C-4490-BA51-A77C641F4127}"
EndProject
Project("{9A19103F-16F7-4668-BE54-9A1E7A4F7556}") = "Integration", "Integration\Integration.csproj", "{63BE8294-1138-4D7B-98CC-8CFA41D09473}"
EndProject
Project("{FAE04EC0-301F-11D3-BF4B-00C04F79EFBC}") = "Services", "Services\Services.csproj", "{2554D2D6-87BC-43C3-B96A-6D05CED32239}"
EndProject
Global
	GlobalSection(SolutionConfigurationPlatforms) = preSolution
		Debug|Any CPU = Debug|Any CPU
		Release|Any CPU = Release|Any CPU
	EndGlobalSection
	GlobalSection(ProjectConfigurationPlatforms) = postSolution
		{998E84C4-F864-4F80-B4D0-55A1A1EA98D9}.Debug|Any CPU.ActiveCfg = Debug|Any CPU
		{998E84C4-F864-4F80-B4D0-55A1A1EA98D9}.Debug|Any CPU.Build.0 = Debug|Any CPU
		{998E84C4-F864-4F80-B4D0-55A1A1EA98D9}.Release|Any CPU.ActiveCfg = Release|Any CPU
		{998E84C4-F864-4F80-B4D0-55A1A1EA98D9}.Release|Any CPU.Build.0 = Release|Any CPU
		{D61DB122-429D-431F-B329-953F42570B67}.Debug|Any CPU.ActiveCfg = Debug|Any CPU
		{D61DB122-429D-431F-B329-953F42570B67}.Debug|Any CPU.Build.0 = Debug|Any CPU
		{D61DB122-429D-431F-B329-953F42570B67}.Release|Any CPU.ActiveCfg = Release|Any CPU
		{D61DB122-429D-431F-B329-953F42570B67}.Release|Any CPU.Build.0 = Release|Any CPU
		{149939F8-DB17-4634-9358-5DCE7B49D886}.Debug|Any CPU.ActiveCfg = Debug|Any CPU
		{149939F8-DB17-4634-9358-5DCE7B49D886}.Debug|Any CPU.Build.0 = Debug|Any CPU
		{149939F8-DB17-4634-9358-5DCE7B49D886}.Release|Any CPU.ActiveCfg = Release|Any CPU
		{149939F8-DB17-4634-9358-5DCE7B49D886}.Release|Any CPU.Build.0 = Release|Any CPU
		{1DF60840-761C-4490-BA51-A77C641F4127}.Debug|Any CPU.ActiveCfg = Debug|Any CPU
		{1DF60840-761C-4490-BA51-A77C641F4127}.Debug|Any CPU.Build.0 = Debug|Any CPU
		{1DF60840-761C-4490-BA51-A77C641F4127}.Release|Any CPU.ActiveCfg = Release|Any CPU
		{1DF60840-761C-4490-BA51-A77C641F4127}.Release|Any CPU.Build.0 = Release|Any CPU
		{63BE8294-1138-4D7B-98CC-8CFA41D09473}.Debug|Any CPU.ActiveCfg = Debug|Any CPU
		{63BE8294-1138-4D7B-98CC-8CFA41D09473}.Debug|Any CPU.Build.0 = Debug|Any CPU
		{63BE8294-1138-4D7B-98CC-8CFA41D09473}.Release|Any CPU.ActiveCfg = Release|Any CPU
		{63BE8294-1138-4D7B-98CC-8CFA41D09473}.Release|Any CPU.Build.0 = Release|Any CPU
		{2554D2D6-87BC-43C3-B96A-6D05CED32239}.Debug|Any CPU.ActiveCfg = Debug|Any CPU
		{2554D2D6-87BC-43C3-B96A-6D05CED32239}.Debug|Any CPU.Build.0 = Debug|Any CPU
		{2554D2D6-87BC-43C3-B96A-6D05CED32239}.Release|Any CPU.ActiveCfg = Release|Any CPU
		{2554D2D6-87BC-43C3-B96A-6D05CED32239}.Release|Any CPU.Build.0 = Release|Any CPU
	EndGlobalSection
	GlobalSection(SolutionProperties) = preSolution
		HideSolutionNode = FALSE
	EndGlobalSection
	GlobalSection(NestedProjects) = preSolution
		{1DF60840-761C-4490-BA51-A77C641F4127} = {4B74F388-1148-489A-A508-63F517AC593B}
		{63BE8294-1138-4D7B-98CC-8CFA41D09473} = {4B74F388-1148-489A-A508-63F517AC593B}
	EndGlobalSection
	GlobalSection(ExtensibilityGlobals) = postSolution
		SolutionGuid = {52922551-1177-4DC0-9710-50F208D2269B}
	EndGlobalSection
EndGlobal
